
Microsoft Visual Studio Solution File, Format Version 12.00
# Visual Studio Version 17
VisualStudioVersion = 17.11.35327.3
MinimumVisualStudioVersion = 10.0.40219.1
Project("{FAE04EC0-301F-11D3-BF4B-00C04F79EFBC}") = "ReceptsAPI", "ReceptsAPI\ReceptsAPI.csproj", "{07ED9D97-060F-4436-8A2A-F9BFBBEBFD2E}"
EndProject
Project("{2150E333-8FDC-42A3-9474-1A3956D46DE8}") = "Элементы решения", "Элементы решения", "{71738511-6D18-4BB9-847D-B3479810AB6C}"
EndProject
Global
	GlobalSection(SolutionConfigurationPlatforms) = preSolution
		Debug|Any CPU = Debug|Any CPU
		Release|Any CPU = Release|Any CPU
	EndGlobalSection
	GlobalSection(ProjectConfigurationPlatforms) = postSolution
		{07ED9D97-060F-4436-8A2A-F9BFBBEBFD2E}.Debug|Any CPU.ActiveCfg = Debug|Any CPU
		{07ED9D97-060F-4436-8A2A-F9BFBBEBFD2E}.Debug|Any CPU.Build.0 = Debug|Any CPU
		{07ED9D97-060F-4436-8A2A-F9BFBBEBFD2E}.Release|Any CPU.ActiveCfg = Release|Any CPU
		{07ED9D97-060F-4436-8A2A-F9BFBBEBFD2E}.Release|Any CPU.Build.0 = Release|Any CPU
	EndGlobalSection
	GlobalSection(SolutionProperties) = preSolution
		HideSolutionNode = FALSE
	EndGlobalSection
	GlobalSection(ExtensibilityGlobals) = postSolution
		SolutionGuid = {23874E44-C170-4B42-90E7-AEC399931117}
	EndGlobalSection
EndGlobal
